
Microsoft Visual Studio Solution File, Format Version 12.00
# Visual Studio Version 17
VisualStudioVersion = 17.5.002.0
MinimumVisualStudioVersion = 10.0.40219.1
Project("{9A19103F-16F7-4668-BE54-9A1E7A4F7556}") = "TwoToFour", "TwoToFour.csproj", "{B3CF35FC-F307-442B-B7C6-221506DB526C}"
EndProject
Global
	GlobalSection(SolutionConfigurationPlatforms) = preSolution
		Debug|Any CPU = Debug|Any CPU
		Release|Any CPU = Release|Any CPU
	EndGlobalSection
	GlobalSection(ProjectConfigurationPlatforms) = postSolution
		{B3CF35FC-F307-442B-B7C6-221506DB526C}.Debug|Any CPU.ActiveCfg = Debug|Any CPU
		{B3CF35FC-F307-442B-B7C6-221506DB526C}.Debug|Any CPU.Build.0 = Debug|Any CPU
		{B3CF35FC-F307-442B-B7C6-221506DB526C}.Release|Any CPU.ActiveCfg = Release|Any CPU
		{B3CF35FC-F307-442B-B7C6-221506DB526C}.Release|Any CPU.Build.0 = Release|Any CPU
	EndGlobalSection
	GlobalSection(SolutionProperties) = preSolution
		HideSolutionNode = FALSE
	EndGlobalSection
	GlobalSection(ExtensibilityGlobals) = postSolution
		SolutionGuid = {97605142-DD68-4899-BFF8-E73209121208}
	EndGlobalSection
EndGlobal
